
Microsoft Visual Studio Solution File, Format Version 12.00
# Visual Studio Version 17
VisualStudioVersion = 17.9.34607.119
MinimumVisualStudioVersion = 10.0.40219.1
Project("{8BC9CEB8-8B4A-11D0-8D11-00A0C91BC942}") = "STATICMEMBERCHAINCONSTURCDESTRUC", "STATICMEMBERCHAINCONSTURCDESTRUC\STATICMEMBERCHAINCONSTURCDESTRUC.vcxproj", "{C8143D45-3CB9-4DF3-B88F-5F6513AA573E}"
EndProject
Project("{8BC9CEB8-8B4A-11D0-8D11-00A0C91BC942}") = "StaticFunction", "StaticFunction\StaticFunction.vcxproj", "{B4F03621-CD99-441A-8B00-84FF764792A7}"
EndProject
Project("{8BC9CEB8-8B4A-11D0-8D11-00A0C91BC942}") = "constructor", "constructor\constructor.vcxproj", "{C0B2AF7D-BD95-4154-80CB-C3B2DFC270A1}"
EndProject
Project("{8BC9CEB8-8B4A-11D0-8D11-00A0C91BC942}") = "Destractor", "Destractor\Destractor.vcxproj", "{6CC0CB43-00F7-41D7-822B-48F0128EC42C}"
EndProject
Project("{8BC9CEB8-8B4A-11D0-8D11-00A0C91BC942}") = "Chainfunction", "Chainfunction\Chainfunction.vcxproj", "{2E992CE6-A795-4968-A709-4ECBE46C70E8}"
EndProject
Global
	GlobalSection(SolutionConfigurationPlatforms) = preSolution
		Debug|x64 = Debug|x64
		Debug|x86 = Debug|x86
		Release|x64 = Release|x64
		Release|x86 = Release|x86
	EndGlobalSection
	GlobalSection(ProjectConfigurationPlatforms) = postSolution
		{C8143D45-3CB9-4DF3-B88F-5F6513AA573E}.Debug|x64.ActiveCfg = Debug|x64
		{C8143D45-3CB9-4DF3-B88F-5F6513AA573E}.Debug|x64.Build.0 = Debug|x64
		{C8143D45-3CB9-4DF3-B88F-5F6513AA573E}.Debug|x86.ActiveCfg = Debug|Win32
		{C8143D45-3CB9-4DF3-B88F-5F6513AA573E}.Debug|x86.Build.0 = Debug|Win32
		{C8143D45-3CB9-4DF3-B88F-5F6513AA573E}.Release|x64.ActiveCfg = Release|x64
		{C8143D45-3CB9-4DF3-B88F-5F6513AA573E}.Release|x64.Build.0 = Release|x64
		{C8143D45-3CB9-4DF3-B88F-5F6513AA573E}.Release|x86.ActiveCfg = Release|Win32
		{C8143D45-3CB9-4DF3-B88F-5F6513AA573E}.Release|x86.Build.0 = Release|Win32
		{B4F03621-CD99-441A-8B00-84FF764792A7}.Debug|x64.ActiveCfg = Debug|x64
		{B4F03621-CD99-441A-8B00-84FF764792A7}.Debug|x64.Build.0 = Debug|x64
		{B4F03621-CD99-441A-8B00-84FF764792A7}.Debug|x86.ActiveCfg = Debug|Win32
		{B4F03621-CD99-441A-8B00-84FF764792A7}.Debug|x86.Build.0 = Debug|Win32
		{B4F03621-CD99-441A-8B00-84FF764792A7}.Release|x64.ActiveCfg = Release|x64
		{B4F03621-CD99-441A-8B00-84FF764792A7}.Release|x64.Build.0 = Release|x64
		{B4F03621-CD99-441A-8B00-84FF764792A7}.Release|x86.ActiveCfg = Release|Win32
		{B4F03621-CD99-441A-8B00-84FF764792A7}.Release|x86.Build.0 = Release|Win32
		{C0B2AF7D-BD95-4154-80CB-C3B2DFC270A1}.Debug|x64.ActiveCfg = Debug|x64
		{C0B2AF7D-BD95-4154-80CB-C3B2DFC270A1}.Debug|x64.Build.0 = Debug|x64
		{C0B2AF7D-BD95-4154-80CB-C3B2DFC270A1}.Debug|x86.ActiveCfg = Debug|Win32
		{C0B2AF7D-BD95-4154-80CB-C3B2DFC270A1}.Debug|x86.Build.0 = Debug|Win32
		{C0B2AF7D-BD95-4154-80CB-C3B2DFC270A1}.Release|x64.ActiveCfg = Release|x64
		{C0B2AF7D-BD95-4154-80CB-C3B2DFC270A1}.Release|x64.Build.0 = Release|x64
		{C0B2AF7D-BD95-4154-80CB-C3B2DFC270A1}.Release|x86.ActiveCfg = Release|Win32
		{C0B2AF7D-BD95-4154-80CB-C3B2DFC270A1}.Release|x86.Build.0 = Release|Win32
		{6CC0CB43-00F7-41D7-822B-48F0128EC42C}.Debug|x64.ActiveCfg = Debug|x64
		{6CC0CB43-00F7-41D7-822B-48F0128EC42C}.Debug|x64.Build.0 = Debug|x64
		{6CC0CB43-00F7-41D7-822B-48F0128EC42C}.Debug|x86.ActiveCfg = Debug|Win32
		{6CC0CB43-00F7-41D7-822B-48F0128EC42C}.Debug|x86.Build.0 = Debug|Win32
		{6CC0CB43-00F7-41D7-822B-48F0128EC42C}.Release|x64.ActiveCfg = Release|x64
		{6CC0CB43-00F7-41D7-822B-48F0128EC42C}.Release|x64.Build.0 = Release|x64
		{6CC0CB43-00F7-41D7-822B-48F0128EC42C}.Release|x86.ActiveCfg = Release|Win32
		{6CC0CB43-00F7-41D7-822B-48F0128EC42C}.Release|x86.Build.0 = Release|Win32
		{2E992CE6-A795-4968-A709-4ECBE46C70E8}.Debug|x64.ActiveCfg = Debug|x64
		{2E992CE6-A795-4968-A709-4ECBE46C70E8}.Debug|x64.Build.0 = Debug|x64
		{2E992CE6-A795-4968-A709-4ECBE46C70E8}.Debug|x86.ActiveCfg = Debug|Win32
		{2E992CE6-A795-4968-A709-4ECBE46C70E8}.Debug|x86.Build.0 = Debug|Win32
		{2E992CE6-A795-4968-A709-4ECBE46C70E8}.Release|x64.ActiveCfg = Release|x64
		{2E992CE6-A795-4968-A709-4ECBE46C70E8}.Release|x64.Build.0 = Release|x64
		{2E992CE6-A795-4968-A709-4ECBE46C70E8}.Release|x86.ActiveCfg = Release|Win32
		{2E992CE6-A795-4968-A709-4ECBE46C70E8}.Release|x86.Build.0 = Release|Win32
	EndGlobalSection
	GlobalSection(SolutionProperties) = preSolution
		HideSolutionNode = FALSE
	EndGlobalSection
	GlobalSection(ExtensibilityGlobals) = postSolution
		SolutionGuid = {A1AB9E2E-7744-4E0B-8436-C61BB76726AC}
	EndGlobalSection
EndGlobal
